// !$*UTF8*$!
{
	archiveVersion = 1;
	classes = {
	};
	objectVersion = 46;
	objects = {

/* Begin PBXBuildFile section */
		1B0DE359144E56C100263751 /* HTTPFetcher.m in Sources */ = {isa = PBXBuildFile; fileRef = 1B0DE352144E56C100263751 /* HTTPFetcher.m */; };
		1B0DE35B144E56C100263751 /* XMLFetcher.m in Sources */ = {isa = PBXBuildFile; fileRef = 1B0DE356144E56C100263751 /* XMLFetcher.m */; };
		1B0DE35C144E56C100263751 /* XPathResultNode.m in Sources */ = {isa = PBXBuildFile; fileRef = 1B0DE358144E56C100263751 /* XPathResultNode.m */; };
		1B274F70143F628E0058A592 /* libxml2.dylib in Frameworks */ = {isa = PBXBuildFile; fileRef = 1B274F6F143F628E0058A592 /* libxml2.dylib */; };
		1B4479D91455DB6D0007154B /* HTMLNode.m in Sources */ = {isa = PBXBuildFile; fileRef = 1B4479D61455DB6D0007154B /* HTMLNode.m */; };
		1B4479DA1455DB6D0007154B /* HTMLParser.m in Sources */ = {isa = PBXBuildFile; fileRef = 1B4479D81455DB6D0007154B /* HTMLParser.m */; };
		1B7A0796142D5DFD000D65CC /* NewsBodyController.m in Sources */ = {isa = PBXBuildFile; fileRef = 1B7A0794142D5DFD000D65CC /* NewsBodyController.m */; };
		1BB918BD1455DB0200FFC58A /* NewsListController.m in Sources */ = {isa = PBXBuildFile; fileRef = 1BB918BC1455DB0200FFC58A /* NewsListController.m */; };
		1BCB8487142D554800A15ED6 /* UIKit.framework in Frameworks */ = {isa = PBXBuildFile; fileRef = 1BCB8486142D554800A15ED6 /* UIKit.framework */; };
		1BCB8489142D554800A15ED6 /* Foundation.framework in Frameworks */ = {isa = PBXBuildFile; fileRef = 1BCB8488142D554800A15ED6 /* Foundation.framework */; };
		1BCB848B142D554800A15ED6 /* CoreGraphics.framework in Frameworks */ = {isa = PBXBuildFile; fileRef = 1BCB848A142D554800A15ED6 /* CoreGraphics.framework */; };
		1BCB8491142D554800A15ED6 /* InfoPlist.strings in Resources */ = {isa = PBXBuildFile; fileRef = 1BCB848F142D554800A15ED6 /* InfoPlist.strings */; };
		1BCB8493142D554800A15ED6 /* main.m in Sources */ = {isa = PBXBuildFile; fileRef = 1BCB8492142D554800A15ED6 /* main.m */; };
		1BCB8497142D554800A15ED6 /* XnewsLiteAppDelegate.m in Sources */ = {isa = PBXBuildFile; fileRef = 1BCB8496142D554800A15ED6 /* XnewsLiteAppDelegate.m */; };
		1BCB849A142D554800A15ED6 /* MainWindow.xib in Resources */ = {isa = PBXBuildFile; fileRef = 1BCB8498142D554800A15ED6 /* MainWindow.xib */; };
		1BCB84A3142D566500A15ED6 /* SettingController.m in Sources */ = {isa = PBXBuildFile; fileRef = 1BCB84A1142D566500A15ED6 /* SettingController.m */; };
		1BCB84A4142D566500A15ED6 /* SettingController.xib in Resources */ = {isa = PBXBuildFile; fileRef = 1BCB84A2142D566500A15ED6 /* SettingController.xib */; };
		1BEAF17D1430F36700D003B8 /* NewsCell.xib in Resources */ = {isa = PBXBuildFile; fileRef = 1BEAF17C1430F36700D003B8 /* NewsCell.xib */; };
		1BEAF19B1430F6DD00D003B8 /* Data.plist in Resources */ = {isa = PBXBuildFile; fileRef = 1BEAF19A1430F6DD00D003B8 /* Data.plist */; };
		1BEAF1A0143100EC00D003B8 /* NewsCell.m in Sources */ = {isa = PBXBuildFile; fileRef = 1BEAF19F143100EC00D003B8 /* NewsCell.m */; };
/* End PBXBuildFile section */

/* Begin PBXFileReference section */
		1B0DE351144E56C100263751 /* HTTPFetcher.h */ = {isa = PBXFileReference; fileEncoding = 4; lastKnownFileType = sourcecode.c.h; name = HTTPFetcher.h; path = html_handle/HTTPFetcher.h; sourceTree = "<group>"; };
		1B0DE352144E56C100263751 /* HTTPFetcher.m */ = {isa = PBXFileReference; fileEncoding = 4; lastKnownFileType = sourcecode.c.objc; name = HTTPFetcher.m; path = html_handle/HTTPFetcher.m; sourceTree = "<group>"; };
		1B0DE355144E56C100263751 /* XMLFetcher.h */ = {isa = PBXFileReference; fileEncoding = 4; lastKnownFileType = sourcecode.c.h; name = XMLFetcher.h; path = html_handle/XMLFetcher.h; sourceTree = "<group>"; };
		1B0DE356144E56C100263751 /* XMLFetcher.m */ = {isa = PBXFileReference; fileEncoding = 4; lastKnownFileType = sourcecode.c.objc; name = XMLFetcher.m; path = html_handle/XMLFetcher.m; sourceTree = "<group>"; };
		1B0DE357144E56C100263751 /* XPathResultNode.h */ = {isa = PBXFileReference; fileEncoding = 4; lastKnownFileType = sourcecode.c.h; name = XPathResultNode.h; path = html_handle/XPathResultNode.h; sourceTree = "<group>"; };
		1B0DE358144E56C100263751 /* XPathResultNode.m */ = {isa = PBXFileReference; fileEncoding = 4; lastKnownFileType = sourcecode.c.objc; name = XPathResultNode.m; path = html_handle/XPathResultNode.m; sourceTree = "<group>"; };
		1B274F6F143F628E0058A592 /* libxml2.dylib */ = {isa = PBXFileReference; lastKnownFileType = "compiled.mach-o.dylib"; name = libxml2.dylib; path = usr/lib/libxml2.dylib; sourceTree = SDKROOT; };
		1B4479D51455DB6D0007154B /* HTMLNode.h */ = {isa = PBXFileReference; fileEncoding = 4; lastKnownFileType = sourcecode.c.h; name = HTMLNode.h; path = html_handle/HTMLNode.h; sourceTree = "<group>"; };
		1B4479D61455DB6D0007154B /* HTMLNode.m */ = {isa = PBXFileReference; fileEncoding = 4; lastKnownFileType = sourcecode.c.objc; name = HTMLNode.m; path = html_handle/HTMLNode.m; sourceTree = "<group>"; };
		1B4479D71455DB6D0007154B /* HTMLParser.h */ = {isa = PBXFileReference; fileEncoding = 4; lastKnownFileType = sourcecode.c.h; name = HTMLParser.h; path = html_handle/HTMLParser.h; sourceTree = "<group>"; };
		1B4479D81455DB6D0007154B /* HTMLParser.m */ = {isa = PBXFileReference; fileEncoding = 4; lastKnownFileType = sourcecode.c.objc; name = HTMLParser.m; path = html_handle/HTMLParser.m; sourceTree = "<group>"; };
		1B7A0793142D5DFD000D65CC /* NewsBodyController.h */ = {isa = PBXFileReference; fileEncoding = 4; lastKnownFileType = sourcecode.c.h; path = NewsBodyController.h; sourceTree = "<group>"; };
		1B7A0794142D5DFD000D65CC /* NewsBodyController.m */ = {isa = PBXFileReference; fileEncoding = 4; lastKnownFileType = sourcecode.c.objc; path = NewsBodyController.m; sourceTree = "<group>"; };
		1BB918BB1455DB0200FFC58A /* NewsListController.h */ = {isa = PBXFileReference; fileEncoding = 4; lastKnownFileType = sourcecode.c.h; path = NewsListController.h; sourceTree = "<group>"; };
		1BB918BC1455DB0200FFC58A /* NewsListController.m */ = {isa = PBXFileReference; fileEncoding = 4; lastKnownFileType = sourcecode.c.objc; path = NewsListController.m; sourceTree = "<group>"; };
		1BCB8482142D554800A15ED6 /* XnewsLite.app */ = {isa = PBXFileReference; explicitFileType = wrapper.application; includeInIndex = 0; path = XnewsLite.app; sourceTree = BUILT_PRODUCTS_DIR; };
		1BCB8486142D554800A15ED6 /* UIKit.framework */ = {isa = PBXFileReference; lastKnownFileType = wrapper.framework; name = UIKit.framework; path = System/Library/Frameworks/UIKit.framework; sourceTree = SDKROOT; };
		1BCB8488142D554800A15ED6 /* Foundation.framework */ = {isa = PBXFileReference; lastKnownFileType = wrapper.framework; name = Foundation.framework; path = System/Library/Frameworks/Foundation.framework; sourceTree = SDKROOT; };
		1BCB848A142D554800A15ED6 /* CoreGraphics.framework */ = {isa = PBXFileReference; lastKnownFileType = wrapper.framework; name = CoreGraphics.framework; path = System/Library/Frameworks/CoreGraphics.framework; sourceTree = SDKROOT; };
		1BCB848E142D554800A15ED6 /* XnewsLite-Info.plist */ = {isa = PBXFileReference; lastKnownFileType = text.plist.xml; path = "XnewsLite-Info.plist"; sourceTree = "<group>"; };
		1BCB8490142D554800A15ED6 /* en */ = {isa = PBXFileReference; lastKnownFileType = text.plist.strings; name = en; path = en.lproj/InfoPlist.strings; sourceTree = "<group>"; };
		1BCB8492142D554800A15ED6 /* main.m */ = {isa = PBXFileReference; lastKnownFileType = sourcecode.c.objc; path = main.m; sourceTree = "<group>"; };
		1BCB8494142D554800A15ED6 /* XnewsLite-Prefix.pch */ = {isa = PBXFileReference; lastKnownFileType = sourcecode.c.h; path = "XnewsLite-Prefix.pch"; sourceTree = "<group>"; };
		1BCB8495142D554800A15ED6 /* XnewsLiteAppDelegate.h */ = {isa = PBXFileReference; lastKnownFileType = sourcecode.c.h; path = XnewsLiteAppDelegate.h; sourceTree = "<group>"; };
		1BCB8496142D554800A15ED6 /* XnewsLiteAppDelegate.m */ = {isa = PBXFileReference; lastKnownFileType = sourcecode.c.objc; path = XnewsLiteAppDelegate.m; sourceTree = "<group>"; };
		1BCB8499142D554800A15ED6 /* en */ = {isa = PBXFileReference; lastKnownFileType = file.xib; name = en; path = en.lproj/MainWindow.xib; sourceTree = "<group>"; };
		1BCB84A0142D566500A15ED6 /* SettingController.h */ = {isa = PBXFileReference; fileEncoding = 4; lastKnownFileType = sourcecode.c.h; path = SettingController.h; sourceTree = "<group>"; };
		1BCB84A1142D566500A15ED6 /* SettingController.m */ = {isa = PBXFileReference; fileEncoding = 4; lastKnownFileType = sourcecode.c.objc; path = SettingController.m; sourceTree = "<group>"; };
		1BCB84A2142D566500A15ED6 /* SettingController.xib */ = {isa = PBXFileReference; fileEncoding = 4; lastKnownFileType = file.xib; path = SettingController.xib; sourceTree = "<group>"; };
		1BEAF17C1430F36700D003B8 /* NewsCell.xib */ = {isa = PBXFileReference; fileEncoding = 4; lastKnownFileType = file.xib; path = NewsCell.xib; sourceTree = "<group>"; };
		1BEAF19A1430F6DD00D003B8 /* Data.plist */ = {isa = PBXFileReference; fileEncoding = 4; lastKnownFileType = text.plist.xml; path = Data.plist; sourceTree = "<group>"; };
		1BEAF19E143100EC00D003B8 /* NewsCell.h */ = {isa = PBXFileReference; fileEncoding = 4; lastKnownFileType = sourcecode.c.h; path = NewsCell.h; sourceTree = "<group>"; };
		1BEAF19F143100EC00D003B8 /* NewsCell.m */ = {isa = PBXFileReference; fileEncoding = 4; lastKnownFileType = sourcecode.c.objc; path = NewsCell.m; sourceTree = "<group>"; };
/* End PBXFileReference section */

/* Begin PBXFrameworksBuildPhase section */
		1BCB847F142D554800A15ED6 /* Frameworks */ = {
			isa = PBXFrameworksBuildPhase;
			buildActionMask = 2147483647;
			files = (
				1B274F70143F628E0058A592 /* libxml2.dylib in Frameworks */,
				1BCB8487142D554800A15ED6 /* UIKit.framework in Frameworks */,
				1BCB8489142D554800A15ED6 /* Foundation.framework in Frameworks */,
				1BCB848B142D554800A15ED6 /* CoreGraphics.framework in Frameworks */,
			);
			runOnlyForDeploymentPostprocessing = 0;
		};
/* End PBXFrameworksBuildPhase section */

/* Begin PBXGroup section */
		1B274F6D143E6C970058A592 /* html_handle */ = {
			isa = PBXGroup;
			children = (
				1B4479D51455DB6D0007154B /* HTMLNode.h */,
				1B4479D61455DB6D0007154B /* HTMLNode.m */,
				1B4479D71455DB6D0007154B /* HTMLParser.h */,
				1B4479D81455DB6D0007154B /* HTMLParser.m */,
				1B0DE351144E56C100263751 /* HTTPFetcher.h */,
				1B0DE352144E56C100263751 /* HTTPFetcher.m */,
				1B0DE355144E56C100263751 /* XMLFetcher.h */,
				1B0DE356144E56C100263751 /* XMLFetcher.m */,
				1B0DE357144E56C100263751 /* XPathResultNode.h */,
				1B0DE358144E56C100263751 /* XPathResultNode.m */,
			);
			name = html_handle;
			sourceTree = "<group>";
		};
		1BCB8477142D554800A15ED6 = {
			isa = PBXGroup;
			children = (
				1B274F6F143F628E0058A592 /* libxml2.dylib */,
				1BCB848C142D554800A15ED6 /* XnewsLite */,
				1BCB8485142D554800A15ED6 /* Frameworks */,
				1BCB8483142D554800A15ED6 /* Products */,
			);
			sourceTree = "<group>";
		};
		1BCB8483142D554800A15ED6 /* Products */ = {
			isa = PBXGroup;
			children = (
				1BCB8482142D554800A15ED6 /* XnewsLite.app */,
			);
			name = Products;
			sourceTree = "<group>";
		};
		1BCB8485142D554800A15ED6 /* Frameworks */ = {
			isa = PBXGroup;
			children = (
				1BCB8486142D554800A15ED6 /* UIKit.framework */,
				1BCB8488142D554800A15ED6 /* Foundation.framework */,
				1BCB848A142D554800A15ED6 /* CoreGraphics.framework */,
			);
			name = Frameworks;
			sourceTree = "<group>";
		};
		1BCB848C142D554800A15ED6 /* XnewsLite */ = {
			isa = PBXGroup;
			children = (
				1BB918BB1455DB0200FFC58A /* NewsListController.h */,
				1BB918BC1455DB0200FFC58A /* NewsListController.m */,
				1B7A0793142D5DFD000D65CC /* NewsBodyController.h */,
				1B7A0794142D5DFD000D65CC /* NewsBodyController.m */,
				1BCB8495142D554800A15ED6 /* XnewsLiteAppDelegate.h */,
				1BCB8496142D554800A15ED6 /* XnewsLiteAppDelegate.m */,
				1BCB84A0142D566500A15ED6 /* SettingController.h */,
				1BCB84A1142D566500A15ED6 /* SettingController.m */,
				1B274F6D143E6C970058A592 /* html_handle */,
				1BEAF19D143100A600D003B8 /* cell */,
				1BEAF17F1430F64100D003B8 /* Resources */,
				1BCB84A5142D568000A15ED6 /* xib */,
				1BCB848D142D554800A15ED6 /* Supporting Files */,
			);
			path = XnewsLite;
			sourceTree = "<group>";
		};
		1BCB848D142D554800A15ED6 /* Supporting Files */ = {
			isa = PBXGroup;
			children = (
				1BEAF19A1430F6DD00D003B8 /* Data.plist */,
				1BCB848E142D554800A15ED6 /* XnewsLite-Info.plist */,
				1BCB848F142D554800A15ED6 /* InfoPlist.strings */,
				1BCB8492142D554800A15ED6 /* main.m */,
				1BCB8494142D554800A15ED6 /* XnewsLite-Prefix.pch */,
			);
			name = "Supporting Files";
			sourceTree = "<group>";
		};
		1BCB84A5142D568000A15ED6 /* xib */ = {
			isa = PBXGroup;
			children = (
				1BCB84A2142D566500A15ED6 /* SettingController.xib */,
				1BCB8498142D554800A15ED6 /* MainWindow.xib */,
				1BEAF17C1430F36700D003B8 /* NewsCell.xib */,
			);
			name = xib;
			sourceTree = "<group>";
		};
		1BEAF17F1430F64100D003B8 /* Resources */ = {
			isa = PBXGroup;
			children = (
			);
			name = Resources;
			sourceTree = "<group>";
		};
		1BEAF19D143100A600D003B8 /* cell */ = {
			isa = PBXGroup;
			children = (
				1BEAF19E143100EC00D003B8 /* NewsCell.h */,
				1BEAF19F143100EC00D003B8 /* NewsCell.m */,
			);
			name = cell;
			sourceTree = "<group>";
		};
/* End PBXGroup section */

/* Begin PBXNativeTarget section */
		1BCB8481142D554800A15ED6 /* XnewsLite */ = {
			isa = PBXNativeTarget;
			buildConfigurationList = 1BCB849D142D554800A15ED6 /* Build configuration list for PBXNativeTarget "XnewsLite" */;
			buildPhases = (
				1BCB847E142D554800A15ED6 /* Sources */,
				1BCB847F142D554800A15ED6 /* Frameworks */,
				1BCB8480142D554800A15ED6 /* Resources */,
			);
			buildRules = (
			);
			dependencies = (
			);
			name = XnewsLite;
			productName = XnewsLite;
			productReference = 1BCB8482142D554800A15ED6 /* XnewsLite.app */;
			productType = "com.apple.product-type.application";
		};
/* End PBXNativeTarget section */

/* Begin PBXProject section */
		1BCB8479142D554800A15ED6 /* Project object */ = {
			isa = PBXProject;
			buildConfigurationList = 1BCB847C142D554800A15ED6 /* Build configuration list for PBXProject "XnewsLite" */;
			compatibilityVersion = "Xcode 3.2";
			developmentRegion = English;
			hasScannedForEncodings = 0;
			knownRegions = (
				en,
			);
			mainGroup = 1BCB8477142D554800A15ED6;
			productRefGroup = 1BCB8483142D554800A15ED6 /* Products */;
			projectDirPath = "";
			projectRoot = "";
			targets = (
				1BCB8481142D554800A15ED6 /* XnewsLite */,
			);
		};
/* End PBXProject section */

/* Begin PBXResourcesBuildPhase section */
		1BCB8480142D554800A15ED6 /* Resources */ = {
			isa = PBXResourcesBuildPhase;
			buildActionMask = 2147483647;
			files = (
				1BCB8491142D554800A15ED6 /* InfoPlist.strings in Resources */,
				1BCB849A142D554800A15ED6 /* MainWindow.xib in Resources */,
				1BCB84A4142D566500A15ED6 /* SettingController.xib in Resources */,
				1BEAF17D1430F36700D003B8 /* NewsCell.xib in Resources */,
				1BEAF19B1430F6DD00D003B8 /* Data.plist in Resources */,
			);
			runOnlyForDeploymentPostprocessing = 0;
		};
/* End PBXResourcesBuildPhase section */

/* Begin PBXSourcesBuildPhase section */
		1BCB847E142D554800A15ED6 /* Sources */ = {
			isa = PBXSourcesBuildPhase;
			buildActionMask = 2147483647;
			files = (
				1BCB8493142D554800A15ED6 /* main.m in Sources */,
				1BCB8497142D554800A15ED6 /* XnewsLiteAppDelegate.m in Sources */,
				1BCB84A3142D566500A15ED6 /* SettingController.m in Sources */,
				1B7A0796142D5DFD000D65CC /* NewsBodyController.m in Sources */,
				1BEAF1A0143100EC00D003B8 /* NewsCell.m in Sources */,
				1B0DE359144E56C100263751 /* HTTPFetcher.m in Sources */,
				1B0DE35B144E56C100263751 /* XMLFetcher.m in Sources */,
				1B0DE35C144E56C100263751 /* XPathResultNode.m in Sources */,
				1BB918BD1455DB0200FFC58A /* NewsListController.m in Sources */,
				1B4479D91455DB6D0007154B /* HTMLNode.m in Sources */,
				1B4479DA1455DB6D0007154B /* HTMLParser.m in Sources */,
			);
			runOnlyForDeploymentPostprocessing = 0;
		};
/* End PBXSourcesBuildPhase section */

/* Begin PBXVariantGroup section */
		1BCB848F142D554800A15ED6 /* InfoPlist.strings */ = {
			isa = PBXVariantGroup;
			children = (
				1BCB8490142D554800A15ED6 /* en */,
			);
			name = InfoPlist.strings;
			sourceTree = "<group>";
		};
		1BCB8498142D554800A15ED6 /* MainWindow.xib */ = {
			isa = PBXVariantGroup;
			children = (
				1BCB8499142D554800A15ED6 /* en */,
			);
			name = MainWindow.xib;
			sourceTree = "<group>";
		};
/* End PBXVariantGroup section */

/* Begin XCBuildConfiguration section */
		1BCB849B142D554800A15ED6 /* Debug */ = {
			isa = XCBuildConfiguration;
			buildSettings = {
				ALWAYS_SEARCH_USER_PATHS = NO;
				ARCHS = "$(ARCHS_STANDARD_32_BIT)";
				"CODE_SIGN_IDENTITY[sdk=iphoneos*]" = "iPhone Developer";
				COPY_PHASE_STRIP = NO;
				GCC_C_LANGUAGE_STANDARD = gnu99;
				GCC_DYNAMIC_NO_PIC = NO;
				GCC_OPTIMIZATION_LEVEL = 0;
				GCC_PREPROCESSOR_DEFINITIONS = (
					"DEBUG=1",
					"$(inherited)",
				);
				GCC_SYMBOLS_PRIVATE_EXTERN = NO;
				GCC_VERSION = com.apple.compilers.llvmgcc42;
				GCC_WARN_ABOUT_MISSING_PROTOTYPES = YES;
				GCC_WARN_ABOUT_RETURN_TYPE = YES;
				GCC_WARN_UNUSED_VARIABLE = YES;
				IPHONEOS_DEPLOYMENT_TARGET = 4.3;
				"PRELINK_LIBS[arch=*]" = "";
				SDKROOT = iphoneos;
			};
			name = Debug;
		};
		1BCB849C142D554800A15ED6 /* Release */ = {
			isa = XCBuildConfiguration;
			buildSettings = {
				ALWAYS_SEARCH_USER_PATHS = NO;
				ARCHS = "$(ARCHS_STANDARD_32_BIT)";
				"CODE_SIGN_IDENTITY[sdk=iphoneos*]" = "iPhone Developer";
				COPY_PHASE_STRIP = YES;
				GCC_C_LANGUAGE_STANDARD = gnu99;
				GCC_VERSION = com.apple.compilers.llvmgcc42;
				GCC_WARN_ABOUT_MISSING_PROTOTYPES = YES;
				GCC_WARN_ABOUT_RETURN_TYPE = YES;
				GCC_WARN_UNUSED_VARIABLE = YES;
				IPHONEOS_DEPLOYMENT_TARGET = 4.3;
				OTHER_CFLAGS = "-DNS_BLOCK_ASSERTIONS=1";
				SDKROOT = iphoneos;
				VALIDATE_PRODUCT = YES;
			};
			name = Release;
		};
		1BCB849E142D554800A15ED6 /* Debug */ = {
			isa = XCBuildConfiguration;
			buildSettings = {
				GCC_PRECOMPILE_PREFIX_HEADER = YES;
				GCC_PREFIX_HEADER = "XnewsLite/XnewsLite-Prefix.pch";
				"HEADER_SEARCH_PATHS[arch=*]" = /usr/include/libxml2;
				INFOPLIST_FILE = "XnewsLite/XnewsLite-Info.plist";
				IPHONEOS_DEPLOYMENT_TARGET = 3.2.2;
				LIBRARY_SEARCH_PATHS = (
					"$(inherited)",
					"\"$(DEVELOPER_DIR)/Library/PrivateFrameworks/InstrumentsPlugIn.framework/Versions/A\"",
				);
				PRODUCT_NAME = "$(TARGET_NAME)";
				WRAPPER_EXTENSION = app;
			};
			name = Debug;
		};
		1BCB849F142D554800A15ED6 /* Release */ = {
			isa = XCBuildConfiguration;
			buildSettings = {
				GCC_PRECOMPILE_PREFIX_HEADER = YES;
				GCC_PREFIX_HEADER = "XnewsLite/XnewsLite-Prefix.pch";
				"HEADER_SEARCH_PATHS[arch=*]" = /usr/include/libxml2;
				INFOPLIST_FILE = "XnewsLite/XnewsLite-Info.plist";
				IPHONEOS_DEPLOYMENT_TARGET = 3.2.2;
				LIBRARY_SEARCH_PATHS = (
					"$(inherited)",
					"\"$(DEVELOPER_DIR)/Library/PrivateFrameworks/InstrumentsPlugIn.framework/Versions/A\"",
				);
				PRODUCT_NAME = "$(TARGET_NAME)";
				WRAPPER_EXTENSION = app;
			};
			name = Release;
		};
/* End XCBuildConfiguration section */

/* Begin XCConfigurationList section */
		1BCB847C142D554800A15ED6 /* Build configuration list for PBXProject "XnewsLite" */ = {
			isa = XCConfigurationList;
			buildConfigurations = (
				1BCB849B142D554800A15ED6 /* Debug */,
				1BCB849C142D554800A15ED6 /* Release */,
			);
			defaultConfigurationIsVisible = 0;
			defaultConfigurationName = Release;
		};
		1BCB849D142D554800A15ED6 /* Build configuration list for PBXNativeTarget "XnewsLite" */ = {
			isa = XCConfigurationList;
			buildConfigurations = (
				1BCB849E142D554800A15ED6 /* Debug */,
				1BCB849F142D554800A15ED6 /* Release */,
			);
			defaultConfigurationIsVisible = 0;
			defaultConfigurationName = Release;
		};
/* End XCConfigurationList section */
	};
	rootObject = 1BCB8479142D554800A15ED6 /* Project object */;
}
